{
  "name": "firstrung-core-workspace",
  "lockfileVersion": 3,
  "requires": true,
  "packages": {
    "": {
      "name": "firstrung-core-workspace",
      "workspaces": [
        "packages/schema",
        "packages/collector",
        "packages/rules",
        "packages/report",
        "packages/cli"
      ],
      "devDependencies": {
        "typescript": "^5.8.3"
      },
      "engines": {
        "node": ">=22.6"
      }
    },
    "node_modules/@firstrung/collector": {
      "resolved": "packages/collector",
      "link": true
    },
    "node_modules/@firstrung/report": {
      "resolved": "packages/report",
      "link": true
    },
    "node_modules/@firstrung/rules": {
      "resolved": "packages/rules",
      "link": true
    },
    "node_modules/@firstrung/schema": {
      "resolved": "packages/schema",
      "link": true
    },
    "node_modules/firstrung": {
      "resolved": "packages/cli",
      "link": true
    },
    "node_modules/typescript": {
      "version": "5.9.3",
      "resolved": "https://registry.npmjs.org/typescript/-/typescript-5.9.3.tgz",
      "integrity": "sha512-jl1vZzPDinLr9eUt3J/t7V6FgNEw9QjvBPdysz9KfQDD41fQrC2Y4vKQdiaUpFT4bXlb1RHhLpp8wtm6M5TgSw==",
      "dev": true,
      "license": "Apache-2.0",
      "bin": {
        "tsc": "bin/tsc",
        "tsserver": "bin/tsserver"
      },
      "engines": {
        "node": ">=14.17"
      }
    },
    "packages/cli": {
      "name": "firstrung",
      "version": "0.1.0-alpha.0",
      "license": "Apache-2.0",
      "dependencies": {
        "@firstrung/collector": "0.1.0-alpha.0",
        "@firstrung/report": "0.1.0-alpha.0",
        "@firstrung/rules": "0.1.0-alpha.0"
      },
      "bin": {
        "firstrung": "dist/index.js"
      }
    },
    "packages/collector": {
      "name": "@firstrung/collector",
      "version": "0.1.0-alpha.0",
      "license": "Apache-2.0",
      "dependencies": {
        "@firstrung/schema": "0.1.0-alpha.0"
      }
    },
    "packages/report": {
      "name": "@firstrung/report",
      "version": "0.1.0-alpha.0",
      "license": "Apache-2.0",
      "dependencies": {
        "@firstrung/schema": "0.1.0-alpha.0"
      }
    },
    "packages/rules": {
      "name": "@firstrung/rules",
      "version": "0.1.0-alpha.0",
      "license": "Apache-2.0",
      "dependencies": {
        "@firstrung/schema": "0.1.0-alpha.0"
      }
    },
    "packages/schema": {
      "name": "@firstrung/schema",
      "version": "0.1.0-alpha.0",
      "license": "Apache-2.0"
    }
  }
}
